
Microsoft Visual Studio Solution File, Format Version 12.00
# Visual Studio 14
VisualStudioVersion = 14.0.24720.0
MinimumVisualStudioVersion = 10.0.40219.1
Project("{FAE04EC0-301F-11D3-BF4B-00C04F79EFBC}") = "BootcampTrack.Api", "BootcampTrack.Api\BootcampTrack.Api.csproj", "{3D4391DE-9563-4D42-8810-AE50383EF713}"
EndProject
Project("{FAE04EC0-301F-11D3-BF4B-00C04F79EFBC}") = "BootcampTrack.Core", "BootcampTrack.Core\BootcampTrack.Core.csproj", "{F84E2B28-45A3-4560-9824-098F749E994B}"
EndProject
Project("{FAE04EC0-301F-11D3-BF4B-00C04F79EFBC}") = "BootcampTrack.Data", "BootcampTrack.Data\BootcampTrack.Data.csproj", "{9ABE66D1-81F0-4D5E-8E84-499731D67374}"
EndProject
Project("{E24C65DC-7377-472B-9ABA-BC803B73C61A}") = "BootcampTrack.Web", "BootcampTrack.Web\", "{9E5E18B2-50AE-4FEF-B246-05D568217571}"
	ProjectSection(WebsiteProperties) = preProject
		TargetFrameworkMoniker = ".NETFramework,Version%3Dv4.5.2"
		Debug.AspNetCompiler.VirtualPath = "/localhost_64730"
		Debug.AspNetCompiler.PhysicalPath = "BootcampTrack.Web\"
		Debug.AspNetCompiler.TargetPath = "PrecompiledWeb\localhost_64730\"
		Debug.AspNetCompiler.Updateable = "true"
		Debug.AspNetCompiler.ForceOverwrite = "true"
		Debug.AspNetCompiler.FixedNames = "false"
		Debug.AspNetCompiler.Debug = "True"
		Release.AspNetCompiler.VirtualPath = "/localhost_64730"
		Release.AspNetCompiler.PhysicalPath = "BootcampTrack.Web\"
		Release.AspNetCompiler.TargetPath = "PrecompiledWeb\localhost_64730\"
		Release.AspNetCompiler.Updateable = "true"
		Release.AspNetCompiler.ForceOverwrite = "true"
		Release.AspNetCompiler.FixedNames = "false"
		Release.AspNetCompiler.Debug = "False"
		VWDPort = "64730"
		SlnRelativePath = "BootcampTrack.Web\"
		DefaultWebSiteLanguage = "Visual C#"
	EndProjectSection
EndProject
Project("{FAE04EC0-301F-11D3-BF4B-00C04F79EFBC}") = "BootcampTrack.Api.Test", "BootcampTrack.Test\BootcampTrack.Api.Test.csproj", "{434BF360-4FD7-43CD-896C-DDCA26DB0835}"
EndProject
Global
	GlobalSection(SolutionConfigurationPlatforms) = preSolution
		Debug|Any CPU = Debug|Any CPU
		Release|Any CPU = Release|Any CPU
	EndGlobalSection
	GlobalSection(ProjectConfigurationPlatforms) = postSolution
		{3D4391DE-9563-4D42-8810-AE50383EF713}.Debug|Any CPU.ActiveCfg = Debug|Any CPU
		{3D4391DE-9563-4D42-8810-AE50383EF713}.Debug|Any CPU.Build.0 = Debug|Any CPU
		{3D4391DE-9563-4D42-8810-AE50383EF713}.Release|Any CPU.ActiveCfg = Release|Any CPU
		{3D4391DE-9563-4D42-8810-AE50383EF713}.Release|Any CPU.Build.0 = Release|Any CPU
		{F84E2B28-45A3-4560-9824-098F749E994B}.Debug|Any CPU.ActiveCfg = Debug|Any CPU
		{F84E2B28-45A3-4560-9824-098F749E994B}.Debug|Any CPU.Build.0 = Debug|Any CPU
		{F84E2B28-45A3-4560-9824-098F749E994B}.Release|Any CPU.ActiveCfg = Release|Any CPU
		{F84E2B28-45A3-4560-9824-098F749E994B}.Release|Any CPU.Build.0 = Release|Any CPU
		{9ABE66D1-81F0-4D5E-8E84-499731D67374}.Debug|Any CPU.ActiveCfg = Debug|Any CPU
		{9ABE66D1-81F0-4D5E-8E84-499731D67374}.Debug|Any CPU.Build.0 = Debug|Any CPU
		{9ABE66D1-81F0-4D5E-8E84-499731D67374}.Release|Any CPU.ActiveCfg = Release|Any CPU
		{9ABE66D1-81F0-4D5E-8E84-499731D67374}.Release|Any CPU.Build.0 = Release|Any CPU
		{9E5E18B2-50AE-4FEF-B246-05D568217571}.Debug|Any CPU.ActiveCfg = Debug|Any CPU
		{9E5E18B2-50AE-4FEF-B246-05D568217571}.Debug|Any CPU.Build.0 = Debug|Any CPU
		{9E5E18B2-50AE-4FEF-B246-05D568217571}.Release|Any CPU.ActiveCfg = Debug|Any CPU
		{9E5E18B2-50AE-4FEF-B246-05D568217571}.Release|Any CPU.Build.0 = Debug|Any CPU
		{434BF360-4FD7-43CD-896C-DDCA26DB0835}.Debug|Any CPU.ActiveCfg = Debug|Any CPU
		{434BF360-4FD7-43CD-896C-DDCA26DB0835}.Debug|Any CPU.Build.0 = Debug|Any CPU
		{434BF360-4FD7-43CD-896C-DDCA26DB0835}.Release|Any CPU.ActiveCfg = Release|Any CPU
		{434BF360-4FD7-43CD-896C-DDCA26DB0835}.Release|Any CPU.Build.0 = Release|Any CPU
	EndGlobalSection
	GlobalSection(SolutionProperties) = preSolution
		HideSolutionNode = FALSE
	EndGlobalSection
EndGlobal
